
Microsoft Visual Studio Solution File, Format Version 12.00
# Visual Studio Version 17
VisualStudioVersion = 17.14.36414.22 d17.14
MinimumVisualStudioVersion = 10.0.40219.1
Project("{FAE04EC0-301F-11D3-BF4B-00C04F79EFBC}") = "WarehouseCompanyApp", "WarehouseCompanyApp\WarehouseCompanyApp.csproj", "{7E79D02A-63E1-4146-B310-FF7589711F99}"
EndProject
Global
	GlobalSection(SolutionConfigurationPlatforms) = preSolution
		Debug|Any CPU = Debug|Any CPU
		Release|Any CPU = Release|Any CPU
	EndGlobalSection
	GlobalSection(ProjectConfigurationPlatforms) = postSolution
		{7E79D02A-63E1-4146-B310-FF7589711F99}.Debug|Any CPU.ActiveCfg = Debug|Any CPU
		{7E79D02A-63E1-4146-B310-FF7589711F99}.Debug|Any CPU.Build.0 = Debug|Any CPU
		{7E79D02A-63E1-4146-B310-FF7589711F99}.Release|Any CPU.ActiveCfg = Release|Any CPU
		{7E79D02A-63E1-4146-B310-FF7589711F99}.Release|Any CPU.Build.0 = Release|Any CPU
	EndGlobalSection
	GlobalSection(SolutionProperties) = preSolution
		HideSolutionNode = FALSE
	EndGlobalSection
	GlobalSection(ExtensibilityGlobals) = postSolution
		SolutionGuid = {CC44A026-735F-4E7C-8FFD-D67EEF1CF95A}
	EndGlobalSection
EndGlobal
